
Microsoft Visual Studio Solution File, Format Version 12.00
# Visual Studio 15
VisualStudioVersion = 15.0.28307.421
MinimumVisualStudioVersion = 10.0.40219.1
Project("{FAE04EC0-301F-11D3-BF4B-00C04F79EFBC}") = "Question1", "Question1\Question1.csproj", "{7141FC01-CBF1-4AFA-88C2-6DEB01E1272D}"
EndProject
Global
	GlobalSection(SolutionConfigurationPlatforms) = preSolution
		Debug|Any CPU = Debug|Any CPU
		Release|Any CPU = Release|Any CPU
	EndGlobalSection
	GlobalSection(ProjectConfigurationPlatforms) = postSolution
		{7141FC01-CBF1-4AFA-88C2-6DEB01E1272D}.Debug|Any CPU.ActiveCfg = Debug|Any CPU
		{7141FC01-CBF1-4AFA-88C2-6DEB01E1272D}.Debug|Any CPU.Build.0 = Debug|Any CPU
		{7141FC01-CBF1-4AFA-88C2-6DEB01E1272D}.Release|Any CPU.ActiveCfg = Release|Any CPU
		{7141FC01-CBF1-4AFA-88C2-6DEB01E1272D}.Release|Any CPU.Build.0 = Release|Any CPU
	EndGlobalSection
	GlobalSection(SolutionProperties) = preSolution
		HideSolutionNode = FALSE
	EndGlobalSection
	GlobalSection(ExtensibilityGlobals) = postSolution
		SolutionGuid = {91998270-A230-4887-9873-82959D1576A3}
	EndGlobalSection
EndGlobal
